{
  "pins" : [
    {
      "identity" : "swift-dotenv",
      "kind" : "remoteSourceControl",
      "location" : "https://github.com/thebarndog/swift-dotenv.git",
      "state" : {
        "revision" : "349dd63c461a37a0354e7aba2ed8c172bac91239",
        "version" : "2.0.0"
      }
    }
  ],
  "version" : 2
}
