// !$*UTF8*$!
{
	archiveVersion = 1;
	classes = {
	};
	objectVersion = 56;
	objects = {

/* Begin PBXBuildFile section */
		F30043112AB4666700049397 /* ArticleRepository.swift in Sources */ = {isa = PBXBuildFile; fileRef = F30043102AB4666700049397 /* ArticleRepository.swift */; };
		F30043142AB4674200049397 /* ArticleModel.swift in Sources */ = {isa = PBXBuildFile; fileRef = F30043132AB4674200049397 /* ArticleModel.swift */; };
		F30043172AB467EF00049397 /* NewsApiResponseModel.swift in Sources */ = {isa = PBXBuildFile; fileRef = F30043162AB467EF00049397 /* NewsApiResponseModel.swift */; };
		F3064C8F2ABC378F0084A34E /* Environment.plist in Resources */ = {isa = PBXBuildFile; fileRef = F3064C8E2ABC378F0084A34E /* Environment.plist */; };
		F32539092AC1AD26000FF78F /* AlgoliaSearchClient in Frameworks */ = {isa = PBXBuildFile; productRef = F32539082AC1AD26000FF78F /* AlgoliaSearchClient */; };
		F325390B2AC1B6A4000FF78F /* AlgoliaArticleModel.swift in Sources */ = {isa = PBXBuildFile; fileRef = F325390A2AC1B6A4000FF78F /* AlgoliaArticleModel.swift */; };
		F325390D2AC1B6C0000FF78F /* AlgoliaSearchRepository.swift in Sources */ = {isa = PBXBuildFile; fileRef = F325390C2AC1B6C0000FF78F /* AlgoliaSearchRepository.swift */; };
		F325390F2AC1BEAB000FF78F /* Algolia.swift in Sources */ = {isa = PBXBuildFile; fileRef = F325390E2AC1BEAB000FF78F /* Algolia.swift */; };
		F32539122AC1D369000FF78F /* InstantSearch in Frameworks */ = {isa = PBXBuildFile; productRef = F32539112AC1D369000FF78F /* InstantSearch */; };
		F32539142AC1D369000FF78F /* InstantSearchSwiftUI in Frameworks */ = {isa = PBXBuildFile; productRef = F32539132AC1D369000FF78F /* InstantSearchSwiftUI */; };
		F32539162AC322AA000FF78F /* Http.swift in Sources */ = {isa = PBXBuildFile; fileRef = F32539152AC322AA000FF78F /* Http.swift */; };
		F32B9BC92ABC8B2700375D92 /* FirebaseAuth in Frameworks */ = {isa = PBXBuildFile; productRef = F32B9BC82ABC8B2700375D92 /* FirebaseAuth */; };
		F32B9BCC2ABC8C0900375D92 /* GoogleSignIn in Frameworks */ = {isa = PBXBuildFile; productRef = F32B9BCB2ABC8C0900375D92 /* GoogleSignIn */; };
		F32B9BCE2ABC8C0900375D92 /* GoogleSignInSwift in Frameworks */ = {isa = PBXBuildFile; productRef = F32B9BCD2ABC8C0900375D92 /* GoogleSignInSwift */; };
		F32B9BD02ABC8C6C00375D92 /* GoogleService-Info.plist in Resources */ = {isa = PBXBuildFile; fileRef = F32B9BCF2ABC8C6C00375D92 /* GoogleService-Info.plist */; };
		F32B9BD32ABC90C400375D92 /* GoogleSignInButton.swift in Sources */ = {isa = PBXBuildFile; fileRef = F32B9BD22ABC90C400375D92 /* GoogleSignInButton.swift */; };
		F32B9BD62ABC926600375D92 /* LoginScreenView.swift in Sources */ = {isa = PBXBuildFile; fileRef = F32B9BD52ABC926600375D92 /* LoginScreenView.swift */; };
		F32B9BD92ABCD00500375D92 /* Pacifico-Regular.ttf in Resources */ = {isa = PBXBuildFile; fileRef = F32B9BD82ABCD00500375D92 /* Pacifico-Regular.ttf */; };
		F32B9BDB2ABCD24600375D92 /* Colors.swift in Sources */ = {isa = PBXBuildFile; fileRef = F32B9BDA2ABCD24600375D92 /* Colors.swift */; };
		F32B9BDD2ABCDA7F00375D92 /* LoadingView.swift in Sources */ = {isa = PBXBuildFile; fileRef = F32B9BDC2ABCDA7F00375D92 /* LoadingView.swift */; };
		F32B9BDF2ABCDAD200375D92 /* HeaderView.swift in Sources */ = {isa = PBXBuildFile; fileRef = F32B9BDE2ABCDAD200375D92 /* HeaderView.swift */; };
		F32B9BE52ABD738100375D92 /* Store.swift in Sources */ = {isa = PBXBuildFile; fileRef = F32B9BE42ABD738100375D92 /* Store.swift */; };
		F32B9BE82ABD76D900375D92 /* Loading.acions.swift in Sources */ = {isa = PBXBuildFile; fileRef = F32B9BE72ABD76D900375D92 /* Loading.acions.swift */; };
		F32B9BEB2ABD807500375D92 /* GoogleSignInHandler.swift in Sources */ = {isa = PBXBuildFile; fileRef = F32B9BEA2ABD807500375D92 /* GoogleSignInHandler.swift */; };
		F32B9BED2ABD8FE600375D92 /* Article.actions.swift in Sources */ = {isa = PBXBuildFile; fileRef = F32B9BEC2ABD8FE600375D92 /* Article.actions.swift */; };
		F32B9BEF2ABD9E8E00375D92 /* SearchFormView.swift in Sources */ = {isa = PBXBuildFile; fileRef = F32B9BEE2ABD9E8E00375D92 /* SearchFormView.swift */; };
		F32B9BF52ABDAF7400375D92 /* Auth.slice.swift in Sources */ = {isa = PBXBuildFile; fileRef = F32B9BF42ABDAF7400375D92 /* Auth.slice.swift */; };
		F367DB6C2ABC488D00B4FEA6 /* .gitignore in Resources */ = {isa = PBXBuildFile; fileRef = F367DB6B2ABC488D00B4FEA6 /* .gitignore */; };
		F367DB6D2ABC488D00B4FEA6 /* .gitignore in Resources */ = {isa = PBXBuildFile; fileRef = F367DB6B2ABC488D00B4FEA6 /* .gitignore */; };
		F367DB6E2ABC488D00B4FEA6 /* .gitignore in Resources */ = {isa = PBXBuildFile; fileRef = F367DB6B2ABC488D00B4FEA6 /* .gitignore */; };
		F367DB702ABC4A5400B4FEA6 /* Env.swift in Sources */ = {isa = PBXBuildFile; fileRef = F367DB6F2ABC4A5400B4FEA6 /* Env.swift */; };
		F390B5122AC1497D00F03F02 /* UserDetailView.swift in Sources */ = {isa = PBXBuildFile; fileRef = F390B5112AC1497D00F03F02 /* UserDetailView.swift */; };
		F390B5142AC14C4200F03F02 /* AsyncCircleImageView.swift in Sources */ = {isa = PBXBuildFile; fileRef = F390B5132AC14C4200F03F02 /* AsyncCircleImageView.swift */; };
		F3CA66272AB08B8200A894A5 /* SearchScreenView.swift in Sources */ = {isa = PBXBuildFile; fileRef = F3CA66262AB08B8200A894A5 /* SearchScreenView.swift */; };
		F3CA66292AB08FE600A894A5 /* SearchListItem.swift in Sources */ = {isa = PBXBuildFile; fileRef = F3CA66282AB08FE600A894A5 /* SearchListItem.swift */; };
		F3D9515D2AB059C400247CB1 /* newsApp.swift in Sources */ = {isa = PBXBuildFile; fileRef = F3D9515C2AB059C400247CB1 /* newsApp.swift */; };
		F3D9515F2AB059C400247CB1 /* ContentView.swift in Sources */ = {isa = PBXBuildFile; fileRef = F3D9515E2AB059C400247CB1 /* ContentView.swift */; };
		F3D951612AB059C500247CB1 /* Assets.xcassets in Resources */ = {isa = PBXBuildFile; fileRef = F3D951602AB059C500247CB1 /* Assets.xcassets */; };
		F3D951642AB059C500247CB1 /* Preview Assets.xcassets in Resources */ = {isa = PBXBuildFile; fileRef = F3D951632AB059C500247CB1 /* Preview Assets.xcassets */; };
		F3D9516E2AB059C500247CB1 /* newsTests.swift in Sources */ = {isa = PBXBuildFile; fileRef = F3D9516D2AB059C500247CB1 /* newsTests.swift */; };
		F3D951782AB059C500247CB1 /* newsUITests.swift in Sources */ = {isa = PBXBuildFile; fileRef = F3D951772AB059C500247CB1 /* newsUITests.swift */; };
		F3D9517A2AB059C500247CB1 /* newsUITestsLaunchTests.swift in Sources */ = {isa = PBXBuildFile; fileRef = F3D951792AB059C500247CB1 /* newsUITestsLaunchTests.swift */; };
		F3F870842AB8A99300EB0A3D /* AsyncImageView.swift in Sources */ = {isa = PBXBuildFile; fileRef = F3F870832AB8A99300EB0A3D /* AsyncImageView.swift */; };
		F3F870872AB8A9C800EB0A3D /* ImageLoader.swift in Sources */ = {isa = PBXBuildFile; fileRef = F3F870862AB8A9C800EB0A3D /* ImageLoader.swift */; };
/* End PBXBuildFile section */

/* Begin PBXContainerItemProxy section */
		F3D9516A2AB059C500247CB1 /* PBXContainerItemProxy */ = {
			isa = PBXContainerItemProxy;
			containerPortal = F3D951512AB059C400247CB1 /* Project object */;
			proxyType = 1;
			remoteGlobalIDString = F3D951582AB059C400247CB1;
			remoteInfo = news;
		};
		F3D951742AB059C500247CB1 /* PBXContainerItemProxy */ = {
			isa = PBXContainerItemProxy;
			containerPortal = F3D951512AB059C400247CB1 /* Project object */;
			proxyType = 1;
			remoteGlobalIDString = F3D951582AB059C400247CB1;
			remoteInfo = news;
		};
/* End PBXContainerItemProxy section */

/* Begin PBXFileReference section */
		F30043102AB4666700049397 /* ArticleRepository.swift */ = {isa = PBXFileReference; lastKnownFileType = sourcecode.swift; path = ArticleRepository.swift; sourceTree = "<group>"; };
		F30043132AB4674200049397 /* ArticleModel.swift */ = {isa = PBXFileReference; lastKnownFileType = sourcecode.swift; path = ArticleModel.swift; sourceTree = "<group>"; };
		F30043162AB467EF00049397 /* NewsApiResponseModel.swift */ = {isa = PBXFileReference; lastKnownFileType = sourcecode.swift; path = NewsApiResponseModel.swift; sourceTree = "<group>"; };
		F3064C8E2ABC378F0084A34E /* Environment.plist */ = {isa = PBXFileReference; lastKnownFileType = text.plist.xml; path = Environment.plist; sourceTree = "<group>"; };
		F325390A2AC1B6A4000FF78F /* AlgoliaArticleModel.swift */ = {isa = PBXFileReference; lastKnownFileType = sourcecode.swift; path = AlgoliaArticleModel.swift; sourceTree = "<group>"; };
		F325390C2AC1B6C0000FF78F /* AlgoliaSearchRepository.swift */ = {isa = PBXFileReference; lastKnownFileType = sourcecode.swift; path = AlgoliaSearchRepository.swift; sourceTree = "<group>"; };
		F325390E2AC1BEAB000FF78F /* Algolia.swift */ = {isa = PBXFileReference; lastKnownFileType = sourcecode.swift; path = Algolia.swift; sourceTree = "<group>"; };
		F32539152AC322AA000FF78F /* Http.swift */ = {isa = PBXFileReference; lastKnownFileType = sourcecode.swift; path = Http.swift; sourceTree = "<group>"; };
		F32B9BCF2ABC8C6C00375D92 /* GoogleService-Info.plist */ = {isa = PBXFileReference; fileEncoding = 4; lastKnownFileType = text.plist.xml; name = "GoogleService-Info.plist"; path = "../../../../Downloads/GoogleService-Info.plist"; sourceTree = "<group>"; };
		F32B9BD12ABC8D1000375D92 /* Info.plist */ = {isa = PBXFileReference; lastKnownFileType = text.plist.xml; path = Info.plist; sourceTree = "<group>"; };
		F32B9BD22ABC90C400375D92 /* GoogleSignInButton.swift */ = {isa = PBXFileReference; lastKnownFileType = sourcecode.swift; path = GoogleSignInButton.swift; sourceTree = "<group>"; };
		F32B9BD52ABC926600375D92 /* LoginScreenView.swift */ = {isa = PBXFileReference; lastKnownFileType = sourcecode.swift; path = LoginScreenView.swift; sourceTree = "<group>"; };
		F32B9BD82ABCD00500375D92 /* Pacifico-Regular.ttf */ = {isa = PBXFileReference; lastKnownFileType = file; path = "Pacifico-Regular.ttf"; sourceTree = "<group>"; };
		F32B9BDA2ABCD24600375D92 /* Colors.swift */ = {isa = PBXFileReference; lastKnownFileType = sourcecode.swift; path = Colors.swift; sourceTree = "<group>"; };
		F32B9BDC2ABCDA7F00375D92 /* LoadingView.swift */ = {isa = PBXFileReference; lastKnownFileType = sourcecode.swift; path = LoadingView.swift; sourceTree = "<group>"; };
		F32B9BDE2ABCDAD200375D92 /* HeaderView.swift */ = {isa = PBXFileReference; lastKnownFileType = sourcecode.swift; path = HeaderView.swift; sourceTree = "<group>"; };
		F32B9BE42ABD738100375D92 /* Store.swift */ = {isa = PBXFileReference; lastKnownFileType = sourcecode.swift; path = Store.swift; sourceTree = "<group>"; };
		F32B9BE72ABD76D900375D92 /* Loading.acions.swift */ = {isa = PBXFileReference; lastKnownFileType = sourcecode.swift; path = Loading.acions.swift; sourceTree = "<group>"; };
		F32B9BEA2ABD807500375D92 /* GoogleSignInHandler.swift */ = {isa = PBXFileReference; lastKnownFileType = sourcecode.swift; path = GoogleSignInHandler.swift; sourceTree = "<group>"; };
		F32B9BEC2ABD8FE600375D92 /* Article.actions.swift */ = {isa = PBXFileReference; lastKnownFileType = sourcecode.swift; path = Article.actions.swift; sourceTree = "<group>"; };
		F32B9BEE2ABD9E8E00375D92 /* SearchFormView.swift */ = {isa = PBXFileReference; lastKnownFileType = sourcecode.swift; path = SearchFormView.swift; sourceTree = "<group>"; };
		F32B9BF42ABDAF7400375D92 /* Auth.slice.swift */ = {isa = PBXFileReference; lastKnownFileType = sourcecode.swift; path = Auth.slice.swift; sourceTree = "<group>"; };
		F367DB6B2ABC488D00B4FEA6 /* .gitignore */ = {isa = PBXFileReference; lastKnownFileType = text; path = .gitignore; sourceTree = "<group>"; };
		F367DB6F2ABC4A5400B4FEA6 /* Env.swift */ = {isa = PBXFileReference; lastKnownFileType = sourcecode.swift; path = Env.swift; sourceTree = "<group>"; };
		F390B5112AC1497D00F03F02 /* UserDetailView.swift */ = {isa = PBXFileReference; lastKnownFileType = sourcecode.swift; path = UserDetailView.swift; sourceTree = "<group>"; };
		F390B5132AC14C4200F03F02 /* AsyncCircleImageView.swift */ = {isa = PBXFileReference; lastKnownFileType = sourcecode.swift; path = AsyncCircleImageView.swift; sourceTree = "<group>"; };
		F3CA66262AB08B8200A894A5 /* SearchScreenView.swift */ = {isa = PBXFileReference; lastKnownFileType = sourcecode.swift; path = SearchScreenView.swift; sourceTree = "<group>"; };
		F3CA66282AB08FE600A894A5 /* SearchListItem.swift */ = {isa = PBXFileReference; lastKnownFileType = sourcecode.swift; path = SearchListItem.swift; sourceTree = "<group>"; };
		F3D951592AB059C400247CB1 /* news.app */ = {isa = PBXFileReference; explicitFileType = wrapper.application; includeInIndex = 0; path = news.app; sourceTree = BUILT_PRODUCTS_DIR; };
		F3D9515C2AB059C400247CB1 /* newsApp.swift */ = {isa = PBXFileReference; lastKnownFileType = sourcecode.swift; path = newsApp.swift; sourceTree = "<group>"; };
		F3D9515E2AB059C400247CB1 /* ContentView.swift */ = {isa = PBXFileReference; lastKnownFileType = sourcecode.swift; path = ContentView.swift; sourceTree = "<group>"; };
		F3D951602AB059C500247CB1 /* Assets.xcassets */ = {isa = PBXFileReference; lastKnownFileType = folder.assetcatalog; path = Assets.xcassets; sourceTree = "<group>"; };
		F3D951632AB059C500247CB1 /* Preview Assets.xcassets */ = {isa = PBXFileReference; lastKnownFileType = folder.assetcatalog; path = "Preview Assets.xcassets"; sourceTree = "<group>"; };
		F3D951692AB059C500247CB1 /* newsTests.xctest */ = {isa = PBXFileReference; explicitFileType = wrapper.cfbundle; includeInIndex = 0; path = newsTests.xctest; sourceTree = BUILT_PRODUCTS_DIR; };
		F3D9516D2AB059C500247CB1 /* newsTests.swift */ = {isa = PBXFileReference; lastKnownFileType = sourcecode.swift; path = newsTests.swift; sourceTree = "<group>"; };
		F3D951732AB059C500247CB1 /* newsUITests.xctest */ = {isa = PBXFileReference; explicitFileType = wrapper.cfbundle; includeInIndex = 0; path = newsUITests.xctest; sourceTree = BUILT_PRODUCTS_DIR; };
		F3D951772AB059C500247CB1 /* newsUITests.swift */ = {isa = PBXFileReference; lastKnownFileType = sourcecode.swift; path = newsUITests.swift; sourceTree = "<group>"; };
		F3D951792AB059C500247CB1 /* newsUITestsLaunchTests.swift */ = {isa = PBXFileReference; lastKnownFileType = sourcecode.swift; path = newsUITestsLaunchTests.swift; sourceTree = "<group>"; };
		F3F870832AB8A99300EB0A3D /* AsyncImageView.swift */ = {isa = PBXFileReference; lastKnownFileType = sourcecode.swift; path = AsyncImageView.swift; sourceTree = "<group>"; };
		F3F870862AB8A9C800EB0A3D /* ImageLoader.swift */ = {isa = PBXFileReference; lastKnownFileType = sourcecode.swift; path = ImageLoader.swift; sourceTree = "<group>"; };
/* End PBXFileReference section */

/* Begin PBXFrameworksBuildPhase section */
		F3D951562AB059C400247CB1 /* Frameworks */ = {
			isa = PBXFrameworksBuildPhase;
			buildActionMask = 2147483647;
			files = (
				F32539142AC1D369000FF78F /* InstantSearchSwiftUI in Frameworks */,
				F32B9BCE2ABC8C0900375D92 /* GoogleSignInSwift in Frameworks */,
				F32539092AC1AD26000FF78F /* AlgoliaSearchClient in Frameworks */,
				F32B9BC92ABC8B2700375D92 /* FirebaseAuth in Frameworks */,
				F32B9BCC2ABC8C0900375D92 /* GoogleSignIn in Frameworks */,
				F32539122AC1D369000FF78F /* InstantSearch in Frameworks */,
			);
			runOnlyForDeploymentPostprocessing = 0;
		};
		F3D951662AB059C500247CB1 /* Frameworks */ = {
			isa = PBXFrameworksBuildPhase;
			buildActionMask = 2147483647;
			files = (
			);
			runOnlyForDeploymentPostprocessing = 0;
		};
		F3D951702AB059C500247CB1 /* Frameworks */ = {
			isa = PBXFrameworksBuildPhase;
			buildActionMask = 2147483647;
			files = (
			);
			runOnlyForDeploymentPostprocessing = 0;
		};
/* End PBXFrameworksBuildPhase section */

/* Begin PBXGroup section */
		F300430F2AB4664300049397 /* Repositories */ = {
			isa = PBXGroup;
			children = (
				F30043102AB4666700049397 /* ArticleRepository.swift */,
				F325390C2AC1B6C0000FF78F /* AlgoliaSearchRepository.swift */,
			);
			path = Repositories;
			sourceTree = "<group>";
		};
		F30043152AB4675000049397 /* Models */ = {
			isa = PBXGroup;
			children = (
				F30043132AB4674200049397 /* ArticleModel.swift */,
				F30043162AB467EF00049397 /* NewsApiResponseModel.swift */,
				F325390A2AC1B6A4000FF78F /* AlgoliaArticleModel.swift */,
			);
			path = Models;
			sourceTree = "<group>";
		};
		F300431B2AB46EA400049397 /* Config */ = {
			isa = PBXGroup;
			children = (
				F367DB6F2ABC4A5400B4FEA6 /* Env.swift */,
				F32B9BDA2ABCD24600375D92 /* Colors.swift */,
				F325390E2AC1BEAB000FF78F /* Algolia.swift */,
				F32539152AC322AA000FF78F /* Http.swift */,
			);
			path = Config;
			sourceTree = "<group>";
		};
		F32B9BD42ABC922B00375D92 /* Screens */ = {
			isa = PBXGroup;
			children = (
				F37BB6882AC142D000869DAA /* UserDetailView */,
				F32B9BE12ABCDB3D00375D92 /* LoginScreen */,
				F32B9BE02ABCDAEF00375D92 /* SearchScreen */,
			);
			path = Screens;
			sourceTree = "<group>";
		};
		F32B9BD72ABCCFF000375D92 /* Fonts */ = {
			isa = PBXGroup;
			children = (
				F32B9BD82ABCD00500375D92 /* Pacifico-Regular.ttf */,
			);
			path = Fonts;
			sourceTree = "<group>";
		};
		F32B9BE02ABCDAEF00375D92 /* SearchScreen */ = {
			isa = PBXGroup;
			children = (
				F300430F2AB4664300049397 /* Repositories */,
				F3CA66282AB08FE600A894A5 /* SearchListItem.swift */,
				F3CA66262AB08B8200A894A5 /* SearchScreenView.swift */,
				F32B9BEE2ABD9E8E00375D92 /* SearchFormView.swift */,
			);
			path = SearchScreen;
			sourceTree = "<group>";
		};
		F32B9BE12ABCDB3D00375D92 /* LoginScreen */ = {
			isa = PBXGroup;
			children = (
				F32B9BD22ABC90C400375D92 /* GoogleSignInButton.swift */,
				F32B9BD52ABC926600375D92 /* LoginScreenView.swift */,
			);
			path = LoginScreen;
			sourceTree = "<group>";
		};
		F32B9BE22ABCDB7000375D92 /* Components */ = {
			isa = PBXGroup;
			children = (
				F3F870832AB8A99300EB0A3D /* AsyncImageView.swift */,
				F32B9BDC2ABCDA7F00375D92 /* LoadingView.swift */,
				F32B9BDE2ABCDAD200375D92 /* HeaderView.swift */,
				F390B5132AC14C4200F03F02 /* AsyncCircleImageView.swift */,
			);
			path = Components;
			sourceTree = "<group>";
		};
		F32B9BE32ABD737200375D92 /* Store */ = {
			isa = PBXGroup;
			children = (
				F32B9BF32ABDAF5E00375D92 /* Slices */,
				F32B9BE62ABD76CB00375D92 /* Actions */,
				F32B9BE42ABD738100375D92 /* Store.swift */,
			);
			path = Store;
			sourceTree = "<group>";
		};
		F32B9BE62ABD76CB00375D92 /* Actions */ = {
			isa = PBXGroup;
			children = (
				F32B9BE72ABD76D900375D92 /* Loading.acions.swift */,
				F32B9BEC2ABD8FE600375D92 /* Article.actions.swift */,
			);
			path = Actions;
			sourceTree = "<group>";
		};
		F32B9BF32ABDAF5E00375D92 /* Slices */ = {
			isa = PBXGroup;
			children = (
				F32B9BF42ABDAF7400375D92 /* Auth.slice.swift */,
			);
			path = Slices;
			sourceTree = "<group>";
		};
		F37BB6882AC142D000869DAA /* UserDetailView */ = {
			isa = PBXGroup;
			children = (
				F390B5112AC1497D00F03F02 /* UserDetailView.swift */,
			);
			path = UserDetailView;
			sourceTree = "<group>";
		};
		F3CA66252AB08B5C00A894A5 /* Views */ = {
			isa = PBXGroup;
			children = (
				F32B9BE22ABCDB7000375D92 /* Components */,
				F32B9BD42ABC922B00375D92 /* Screens */,
				F3D9515E2AB059C400247CB1 /* ContentView.swift */,
			);
			path = Views;
			sourceTree = "<group>";
		};
		F3D951502AB059C400247CB1 = {
			isa = PBXGroup;
			children = (
				F3D9515B2AB059C400247CB1 /* news */,
				F3D9516C2AB059C500247CB1 /* newsTests */,
				F3D951762AB059C500247CB1 /* newsUITests */,
				F3D9515A2AB059C400247CB1 /* Products */,
			);
			sourceTree = "<group>";
		};
		F3D9515A2AB059C400247CB1 /* Products */ = {
			isa = PBXGroup;
			children = (
				F3D951592AB059C400247CB1 /* news.app */,
				F3D951692AB059C500247CB1 /* newsTests.xctest */,
				F3D951732AB059C500247CB1 /* newsUITests.xctest */,
			);
			name = Products;
			sourceTree = "<group>";
		};
		F3D9515B2AB059C400247CB1 /* news */ = {
			isa = PBXGroup;
			children = (
				F32B9BE32ABD737200375D92 /* Store */,
				F32B9BD72ABCCFF000375D92 /* Fonts */,
				F3F870852AB8A9BA00EB0A3D /* Handlers */,
				F300431B2AB46EA400049397 /* Config */,
				F30043152AB4675000049397 /* Models */,
				F3CA66252AB08B5C00A894A5 /* Views */,
				F3D9515C2AB059C400247CB1 /* newsApp.swift */,
				F3D951602AB059C500247CB1 /* Assets.xcassets */,
				F3D951622AB059C500247CB1 /* Preview Content */,
				F3064C8E2ABC378F0084A34E /* Environment.plist */,
				F32B9BD12ABC8D1000375D92 /* Info.plist */,
				F32B9BCF2ABC8C6C00375D92 /* GoogleService-Info.plist */,
				F367DB6B2ABC488D00B4FEA6 /* .gitignore */,
			);
			path = news;
			sourceTree = "<group>";
		};
		F3D951622AB059C500247CB1 /* Preview Content */ = {
			isa = PBXGroup;
			children = (
				F3D951632AB059C500247CB1 /* Preview Assets.xcassets */,
			);
			path = "Preview Content";
			sourceTree = "<group>";
		};
		F3D9516C2AB059C500247CB1 /* newsTests */ = {
			isa = PBXGroup;
			children = (
				F3D9516D2AB059C500247CB1 /* newsTests.swift */,
			);
			path = newsTests;
			sourceTree = "<group>";
		};
		F3D951762AB059C500247CB1 /* newsUITests */ = {
			isa = PBXGroup;
			children = (
				F3D951772AB059C500247CB1 /* newsUITests.swift */,
				F3D951792AB059C500247CB1 /* newsUITestsLaunchTests.swift */,
			);
			path = newsUITests;
			sourceTree = "<group>";
		};
		F3F870852AB8A9BA00EB0A3D /* Handlers */ = {
			isa = PBXGroup;
			children = (
				F32B9BEA2ABD807500375D92 /* GoogleSignInHandler.swift */,
				F3F870862AB8A9C800EB0A3D /* ImageLoader.swift */,
			);
			path = Handlers;
			sourceTree = "<group>";
		};
/* End PBXGroup section */

/* Begin PBXNativeTarget section */
		F3D951582AB059C400247CB1 /* news */ = {
			isa = PBXNativeTarget;
			buildConfigurationList = F3D9517D2AB059C500247CB1 /* Build configuration list for PBXNativeTarget "news" */;
			buildPhases = (
				F3D951552AB059C400247CB1 /* Sources */,
				F3D951562AB059C400247CB1 /* Frameworks */,
				F3D951572AB059C400247CB1 /* Resources */,
			);
			buildRules = (
			);
			dependencies = (
			);
			name = news;
			packageProductDependencies = (
				F32B9BC82ABC8B2700375D92 /* FirebaseAuth */,
				F32B9BCB2ABC8C0900375D92 /* GoogleSignIn */,
				F32B9BCD2ABC8C0900375D92 /* GoogleSignInSwift */,
				F32539082AC1AD26000FF78F /* AlgoliaSearchClient */,
				F32539112AC1D369000FF78F /* InstantSearch */,
				F32539132AC1D369000FF78F /* InstantSearchSwiftUI */,
			);
			productName = news;
			productReference = F3D951592AB059C400247CB1 /* news.app */;
			productType = "com.apple.product-type.application";
		};
		F3D951682AB059C500247CB1 /* newsTests */ = {
			isa = PBXNativeTarget;
			buildConfigurationList = F3D951802AB059C500247CB1 /* Build configuration list for PBXNativeTarget "newsTests" */;
			buildPhases = (
				F3D951652AB059C500247CB1 /* Sources */,
				F3D951662AB059C500247CB1 /* Frameworks */,
				F3D951672AB059C500247CB1 /* Resources */,
			);
			buildRules = (
			);
			dependencies = (
				F3D9516B2AB059C500247CB1 /* PBXTargetDependency */,
			);
			name = newsTests;
			productName = newsTests;
			productReference = F3D951692AB059C500247CB1 /* newsTests.xctest */;
			productType = "com.apple.product-type.bundle.unit-test";
		};
		F3D951722AB059C500247CB1 /* newsUITests */ = {
			isa = PBXNativeTarget;
			buildConfigurationList = F3D951832AB059C500247CB1 /* Build configuration list for PBXNativeTarget "newsUITests" */;
			buildPhases = (
				F3D9516F2AB059C500247CB1 /* Sources */,
				F3D951702AB059C500247CB1 /* Frameworks */,
				F3D951712AB059C500247CB1 /* Resources */,
			);
			buildRules = (
			);
			dependencies = (
				F3D951752AB059C500247CB1 /* PBXTargetDependency */,
			);
			name = newsUITests;
			productName = newsUITests;
			productReference = F3D951732AB059C500247CB1 /* newsUITests.xctest */;
			productType = "com.apple.product-type.bundle.ui-testing";
		};
/* End PBXNativeTarget section */

/* Begin PBXProject section */
		F3D951512AB059C400247CB1 /* Project object */ = {
			isa = PBXProject;
			attributes = {
				BuildIndependentTargetsInParallel = 1;
				LastSwiftUpdateCheck = 1430;
				LastUpgradeCheck = 1430;
				TargetAttributes = {
					F3D951582AB059C400247CB1 = {
						CreatedOnToolsVersion = 14.3.1;
					};
					F3D951682AB059C500247CB1 = {
						CreatedOnToolsVersion = 14.3.1;
						TestTargetID = F3D951582AB059C400247CB1;
					};
					F3D951722AB059C500247CB1 = {
						CreatedOnToolsVersion = 14.3.1;
						TestTargetID = F3D951582AB059C400247CB1;
					};
				};
			};
			buildConfigurationList = F3D951542AB059C400247CB1 /* Build configuration list for PBXProject "news" */;
			compatibilityVersion = "Xcode 14.0";
			developmentRegion = en;
			hasScannedForEncodings = 0;
			knownRegions = (
				en,
				Base,
			);
			mainGroup = F3D951502AB059C400247CB1;
			packageReferences = (
				F32B9BC72ABC8B2700375D92 /* XCRemoteSwiftPackageReference "firebase-ios-sdk" */,
				F32B9BCA2ABC8C0900375D92 /* XCRemoteSwiftPackageReference "GoogleSignIn-iOS" */,
				F32539072AC1AD26000FF78F /* XCRemoteSwiftPackageReference "algoliasearch-client-swift" */,
				F32539102AC1D369000FF78F /* XCRemoteSwiftPackageReference "instantsearch-ios" */,
			);
			productRefGroup = F3D9515A2AB059C400247CB1 /* Products */;
			projectDirPath = "";
			projectRoot = "";
			targets = (
				F3D951582AB059C400247CB1 /* news */,
				F3D951682AB059C500247CB1 /* newsTests */,
				F3D951722AB059C500247CB1 /* newsUITests */,
			);
		};
/* End PBXProject section */

/* Begin PBXResourcesBuildPhase section */
		F3D951572AB059C400247CB1 /* Resources */ = {
			isa = PBXResourcesBuildPhase;
			buildActionMask = 2147483647;
			files = (
				F367DB6C2ABC488D00B4FEA6 /* .gitignore in Resources */,
				F3D951642AB059C500247CB1 /* Preview Assets.xcassets in Resources */,
				F3064C8F2ABC378F0084A34E /* Environment.plist in Resources */,
				F32B9BD92ABCD00500375D92 /* Pacifico-Regular.ttf in Resources */,
				F3D951612AB059C500247CB1 /* Assets.xcassets in Resources */,
				F32B9BD02ABC8C6C00375D92 /* GoogleService-Info.plist in Resources */,
			);
			runOnlyForDeploymentPostprocessing = 0;
		};
		F3D951672AB059C500247CB1 /* Resources */ = {
			isa = PBXResourcesBuildPhase;
			buildActionMask = 2147483647;
			files = (
				F367DB6D2ABC488D00B4FEA6 /* .gitignore in Resources */,
			);
			runOnlyForDeploymentPostprocessing = 0;
		};
		F3D951712AB059C500247CB1 /* Resources */ = {
			isa = PBXResourcesBuildPhase;
			buildActionMask = 2147483647;
			files = (
				F367DB6E2ABC488D00B4FEA6 /* .gitignore in Resources */,
			);
			runOnlyForDeploymentPostprocessing = 0;
		};
/* End PBXResourcesBuildPhase section */

/* Begin PBXSourcesBuildPhase section */
		F3D951552AB059C400247CB1 /* Sources */ = {
			isa = PBXSourcesBuildPhase;
			buildActionMask = 2147483647;
			files = (
				F32B9BD32ABC90C400375D92 /* GoogleSignInButton.swift in Sources */,
				F3CA66292AB08FE600A894A5 /* SearchListItem.swift in Sources */,
				F32B9BE82ABD76D900375D92 /* Loading.acions.swift in Sources */,
				F325390F2AC1BEAB000FF78F /* Algolia.swift in Sources */,
				F3CA66272AB08B8200A894A5 /* SearchScreenView.swift in Sources */,
				F325390D2AC1B6C0000FF78F /* AlgoliaSearchRepository.swift in Sources */,
				F32B9BE52ABD738100375D92 /* Store.swift in Sources */,
				F3D9515F2AB059C400247CB1 /* ContentView.swift in Sources */,
				F32B9BED2ABD8FE600375D92 /* Article.actions.swift in Sources */,
				F32B9BD62ABC926600375D92 /* LoginScreenView.swift in Sources */,
				F32B9BEF2ABD9E8E00375D92 /* SearchFormView.swift in Sources */,
				F32B9BDD2ABCDA7F00375D92 /* LoadingView.swift in Sources */,
				F390B5122AC1497D00F03F02 /* UserDetailView.swift in Sources */,
				F3F870842AB8A99300EB0A3D /* AsyncImageView.swift in Sources */,
				F32B9BEB2ABD807500375D92 /* GoogleSignInHandler.swift in Sources */,
				F30043172AB467EF00049397 /* NewsApiResponseModel.swift in Sources */,
				F390B5142AC14C4200F03F02 /* AsyncCircleImageView.swift in Sources */,
				F32B9BF52ABDAF7400375D92 /* Auth.slice.swift in Sources */,
				F367DB702ABC4A5400B4FEA6 /* Env.swift in Sources */,
				F32B9BDB2ABCD24600375D92 /* Colors.swift in Sources */,
				F325390B2AC1B6A4000FF78F /* AlgoliaArticleModel.swift in Sources */,
				F32B9BDF2ABCDAD200375D92 /* HeaderView.swift in Sources */,
				F3F870872AB8A9C800EB0A3D /* ImageLoader.swift in Sources */,
				F30043112AB4666700049397 /* ArticleRepository.swift in Sources */,
				F30043142AB4674200049397 /* ArticleModel.swift in Sources */,
				F3D9515D2AB059C400247CB1 /* newsApp.swift in Sources */,
				F32539162AC322AA000FF78F /* Http.swift in Sources */,
			);
			runOnlyForDeploymentPostprocessing = 0;
		};
		F3D951652AB059C500247CB1 /* Sources */ = {
			isa = PBXSourcesBuildPhase;
			buildActionMask = 2147483647;
			files = (
				F3D9516E2AB059C500247CB1 /* newsTests.swift in Sources */,
			);
			runOnlyForDeploymentPostprocessing = 0;
		};
		F3D9516F2AB059C500247CB1 /* Sources */ = {
			isa = PBXSourcesBuildPhase;
			buildActionMask = 2147483647;
			files = (
				F3D951782AB059C500247CB1 /* newsUITests.swift in Sources */,
				F3D9517A2AB059C500247CB1 /* newsUITestsLaunchTests.swift in Sources */,
			);
			runOnlyForDeploymentPostprocessing = 0;
		};
/* End PBXSourcesBuildPhase section */

/* Begin PBXTargetDependency section */
		F3D9516B2AB059C500247CB1 /* PBXTargetDependency */ = {
			isa = PBXTargetDependency;
			target = F3D951582AB059C400247CB1 /* news */;
			targetProxy = F3D9516A2AB059C500247CB1 /* PBXContainerItemProxy */;
		};
		F3D951752AB059C500247CB1 /* PBXTargetDependency */ = {
			isa = PBXTargetDependency;
			target = F3D951582AB059C400247CB1 /* news */;
			targetProxy = F3D951742AB059C500247CB1 /* PBXContainerItemProxy */;
		};
/* End PBXTargetDependency section */

/* Begin XCBuildConfiguration section */
		F3D9517B2AB059C500247CB1 /* Debug */ = {
			isa = XCBuildConfiguration;
			buildSettings = {
				ALWAYS_SEARCH_USER_PATHS = NO;
				CLANG_ANALYZER_NONNULL = YES;
				CLANG_ANALYZER_NUMBER_OBJECT_CONVERSION = YES_AGGRESSIVE;
				CLANG_CXX_LANGUAGE_STANDARD = "gnu++20";
				CLANG_ENABLE_MODULES = YES;
				CLANG_ENABLE_OBJC_ARC = YES;
				CLANG_ENABLE_OBJC_WEAK = YES;
				CLANG_WARN_BLOCK_CAPTURE_AUTORELEASING = YES;
				CLANG_WARN_BOOL_CONVERSION = YES;
				CLANG_WARN_COMMA = YES;
				CLANG_WARN_CONSTANT_CONVERSION = YES;
				CLANG_WARN_DEPRECATED_OBJC_IMPLEMENTATIONS = YES;
				CLANG_WARN_DIRECT_OBJC_ISA_USAGE = YES_ERROR;
				CLANG_WARN_DOCUMENTATION_COMMENTS = YES;
				CLANG_WARN_EMPTY_BODY = YES;
				CLANG_WARN_ENUM_CONVERSION = YES;
				CLANG_WARN_INFINITE_RECURSION = YES;
				CLANG_WARN_INT_CONVERSION = YES;
				CLANG_WARN_NON_LITERAL_NULL_CONVERSION = YES;
				CLANG_WARN_OBJC_IMPLICIT_RETAIN_SELF = YES;
				CLANG_WARN_OBJC_LITERAL_CONVERSION = YES;
				CLANG_WARN_OBJC_ROOT_CLASS = YES_ERROR;
				CLANG_WARN_QUOTED_INCLUDE_IN_FRAMEWORK_HEADER = YES;
				CLANG_WARN_RANGE_LOOP_ANALYSIS = YES;
				CLANG_WARN_STRICT_PROTOTYPES = YES;
				CLANG_WARN_SUSPICIOUS_MOVE = YES;
				CLANG_WARN_UNGUARDED_AVAILABILITY = YES_AGGRESSIVE;
				CLANG_WARN_UNREACHABLE_CODE = YES;
				CLANG_WARN__DUPLICATE_METHOD_MATCH = YES;
				COPY_PHASE_STRIP = NO;
				DEBUG_INFORMATION_FORMAT = dwarf;
				ENABLE_STRICT_OBJC_MSGSEND = YES;
				ENABLE_TESTABILITY = YES;
				GCC_C_LANGUAGE_STANDARD = gnu11;
				GCC_DYNAMIC_NO_PIC = NO;
				GCC_NO_COMMON_BLOCKS = YES;
				GCC_OPTIMIZATION_LEVEL = 0;
				GCC_PREPROCESSOR_DEFINITIONS = (
					"DEBUG=1",
					"$(inherited)",
				);
				GCC_WARN_64_TO_32_BIT_CONVERSION = YES;
				GCC_WARN_ABOUT_RETURN_TYPE = YES_ERROR;
				GCC_WARN_UNDECLARED_SELECTOR = YES;
				GCC_WARN_UNINITIALIZED_AUTOS = YES_AGGRESSIVE;
				GCC_WARN_UNUSED_FUNCTION = YES;
				GCC_WARN_UNUSED_VARIABLE = YES;
				IPHONEOS_DEPLOYMENT_TARGET = 16.4;
				MTL_ENABLE_DEBUG_INFO = INCLUDE_SOURCE;
				MTL_FAST_MATH = YES;
				ONLY_ACTIVE_ARCH = YES;
				SDKROOT = iphoneos;
				SWIFT_ACTIVE_COMPILATION_CONDITIONS = DEBUG;
				SWIFT_OPTIMIZATION_LEVEL = "-Onone";
			};
			name = Debug;
		};
		F3D9517C2AB059C500247CB1 /* Release */ = {
			isa = XCBuildConfiguration;
			buildSettings = {
				ALWAYS_SEARCH_USER_PATHS = NO;
				CLANG_ANALYZER_NONNULL = YES;
				CLANG_ANALYZER_NUMBER_OBJECT_CONVERSION = YES_AGGRESSIVE;
				CLANG_CXX_LANGUAGE_STANDARD = "gnu++20";
				CLANG_ENABLE_MODULES = YES;
				CLANG_ENABLE_OBJC_ARC = YES;
				CLANG_ENABLE_OBJC_WEAK = YES;
				CLANG_WARN_BLOCK_CAPTURE_AUTORELEASING = YES;
				CLANG_WARN_BOOL_CONVERSION = YES;
				CLANG_WARN_COMMA = YES;
				CLANG_WARN_CONSTANT_CONVERSION = YES;
				CLANG_WARN_DEPRECATED_OBJC_IMPLEMENTATIONS = YES;
				CLANG_WARN_DIRECT_OBJC_ISA_USAGE = YES_ERROR;
				CLANG_WARN_DOCUMENTATION_COMMENTS = YES;
				CLANG_WARN_EMPTY_BODY = YES;
				CLANG_WARN_ENUM_CONVERSION = YES;
				CLANG_WARN_INFINITE_RECURSION = YES;
				CLANG_WARN_INT_CONVERSION = YES;
				CLANG_WARN_NON_LITERAL_NULL_CONVERSION = YES;
				CLANG_WARN_OBJC_IMPLICIT_RETAIN_SELF = YES;
				CLANG_WARN_OBJC_LITERAL_CONVERSION = YES;
				CLANG_WARN_OBJC_ROOT_CLASS = YES_ERROR;
				CLANG_WARN_QUOTED_INCLUDE_IN_FRAMEWORK_HEADER = YES;
				CLANG_WARN_RANGE_LOOP_ANALYSIS = YES;
				CLANG_WARN_STRICT_PROTOTYPES = YES;
				CLANG_WARN_SUSPICIOUS_MOVE = YES;
				CLANG_WARN_UNGUARDED_AVAILABILITY = YES_AGGRESSIVE;
				CLANG_WARN_UNREACHABLE_CODE = YES;
				CLANG_WARN__DUPLICATE_METHOD_MATCH = YES;
				COPY_PHASE_STRIP = NO;
				DEBUG_INFORMATION_FORMAT = "dwarf-with-dsym";
				ENABLE_NS_ASSERTIONS = NO;
				ENABLE_STRICT_OBJC_MSGSEND = YES;
				GCC_C_LANGUAGE_STANDARD = gnu11;
				GCC_NO_COMMON_BLOCKS = YES;
				GCC_WARN_64_TO_32_BIT_CONVERSION = YES;
				GCC_WARN_ABOUT_RETURN_TYPE = YES_ERROR;
				GCC_WARN_UNDECLARED_SELECTOR = YES;
				GCC_WARN_UNINITIALIZED_AUTOS = YES_AGGRESSIVE;
				GCC_WARN_UNUSED_FUNCTION = YES;
				GCC_WARN_UNUSED_VARIABLE = YES;
				IPHONEOS_DEPLOYMENT_TARGET = 16.4;
				MTL_ENABLE_DEBUG_INFO = NO;
				MTL_FAST_MATH = YES;
				SDKROOT = iphoneos;
				SWIFT_COMPILATION_MODE = wholemodule;
				SWIFT_OPTIMIZATION_LEVEL = "-O";
				VALIDATE_PRODUCT = YES;
			};
			name = Release;
		};
		F3D9517E2AB059C500247CB1 /* Debug */ = {
			isa = XCBuildConfiguration;
			buildSettings = {
				ASSETCATALOG_COMPILER_APPICON_NAME = AppIcon;
				ASSETCATALOG_COMPILER_GLOBAL_ACCENT_COLOR_NAME = AccentColor;
				CODE_SIGN_STYLE = Automatic;
				CURRENT_PROJECT_VERSION = 1;
				DEVELOPMENT_ASSET_PATHS = "\"news/Preview Content\"";
				ENABLE_PREVIEWS = YES;
				GENERATE_INFOPLIST_FILE = YES;
				INFOPLIST_FILE = news/Info.plist;
				INFOPLIST_KEY_UIApplicationSceneManifest_Generation = YES;
				INFOPLIST_KEY_UIApplicationSupportsIndirectInputEvents = YES;
				INFOPLIST_KEY_UILaunchScreen_Generation = YES;
				INFOPLIST_KEY_UISupportedInterfaceOrientations_iPad = "UIInterfaceOrientationPortrait UIInterfaceOrientationPortraitUpsideDown UIInterfaceOrientationLandscapeLeft UIInterfaceOrientationLandscapeRight";
				INFOPLIST_KEY_UISupportedInterfaceOrientations_iPhone = "UIInterfaceOrientationPortrait UIInterfaceOrientationLandscapeLeft UIInterfaceOrientationLandscapeRight";
				LD_RUNPATH_SEARCH_PATHS = (
					"$(inherited)",
					"@executable_path/Frameworks",
				);
				MARKETING_VERSION = 1.0;
				PRODUCT_BUNDLE_IDENTIFIER = com.wecan.news;
				PRODUCT_NAME = "$(TARGET_NAME)";
				SWIFT_EMIT_LOC_STRINGS = YES;
				SWIFT_VERSION = 5.0;
				TARGETED_DEVICE_FAMILY = "1,2";
			};
			name = Debug;
		};
		F3D9517F2AB059C500247CB1 /* Release */ = {
			isa = XCBuildConfiguration;
			buildSettings = {
				ASSETCATALOG_COMPILER_APPICON_NAME = AppIcon;
				ASSETCATALOG_COMPILER_GLOBAL_ACCENT_COLOR_NAME = AccentColor;
				CODE_SIGN_STYLE = Automatic;
				CURRENT_PROJECT_VERSION = 1;
				DEVELOPMENT_ASSET_PATHS = "\"news/Preview Content\"";
				ENABLE_PREVIEWS = YES;
				GENERATE_INFOPLIST_FILE = YES;
				INFOPLIST_FILE = news/Info.plist;
				INFOPLIST_KEY_UIApplicationSceneManifest_Generation = YES;
				INFOPLIST_KEY_UIApplicationSupportsIndirectInputEvents = YES;
				INFOPLIST_KEY_UILaunchScreen_Generation = YES;
				INFOPLIST_KEY_UISupportedInterfaceOrientations_iPad = "UIInterfaceOrientationPortrait UIInterfaceOrientationPortraitUpsideDown UIInterfaceOrientationLandscapeLeft UIInterfaceOrientationLandscapeRight";
				INFOPLIST_KEY_UISupportedInterfaceOrientations_iPhone = "UIInterfaceOrientationPortrait UIInterfaceOrientationLandscapeLeft UIInterfaceOrientationLandscapeRight";
				LD_RUNPATH_SEARCH_PATHS = (
					"$(inherited)",
					"@executable_path/Frameworks",
				);
				MARKETING_VERSION = 1.0;
				PRODUCT_BUNDLE_IDENTIFIER = com.wecan.news;
				PRODUCT_NAME = "$(TARGET_NAME)";
				SWIFT_EMIT_LOC_STRINGS = YES;
				SWIFT_VERSION = 5.0;
				TARGETED_DEVICE_FAMILY = "1,2";
			};
			name = Release;
		};
		F3D951812AB059C500247CB1 /* Debug */ = {
			isa = XCBuildConfiguration;
			buildSettings = {
				ALWAYS_EMBED_SWIFT_STANDARD_LIBRARIES = YES;
				BUNDLE_LOADER = "$(TEST_HOST)";
				CODE_SIGN_STYLE = Automatic;
				CURRENT_PROJECT_VERSION = 1;
				GENERATE_INFOPLIST_FILE = YES;
				IPHONEOS_DEPLOYMENT_TARGET = 16.4;
				MARKETING_VERSION = 1.0;
				PRODUCT_BUNDLE_IDENTIFIER = com.wecan.newsTests;
				PRODUCT_NAME = "$(TARGET_NAME)";
				SWIFT_EMIT_LOC_STRINGS = NO;
				SWIFT_VERSION = 5.0;
				TARGETED_DEVICE_FAMILY = "1,2";
				TEST_HOST = "$(BUILT_PRODUCTS_DIR)/news.app/$(BUNDLE_EXECUTABLE_FOLDER_PATH)/news";
			};
			name = Debug;
		};
		F3D951822AB059C500247CB1 /* Release */ = {
			isa = XCBuildConfiguration;
			buildSettings = {
				ALWAYS_EMBED_SWIFT_STANDARD_LIBRARIES = YES;
				BUNDLE_LOADER = "$(TEST_HOST)";
				CODE_SIGN_STYLE = Automatic;
				CURRENT_PROJECT_VERSION = 1;
				GENERATE_INFOPLIST_FILE = YES;
				IPHONEOS_DEPLOYMENT_TARGET = 16.4;
				MARKETING_VERSION = 1.0;
				PRODUCT_BUNDLE_IDENTIFIER = com.wecan.newsTests;
				PRODUCT_NAME = "$(TARGET_NAME)";
				SWIFT_EMIT_LOC_STRINGS = NO;
				SWIFT_VERSION = 5.0;
				TARGETED_DEVICE_FAMILY = "1,2";
				TEST_HOST = "$(BUILT_PRODUCTS_DIR)/news.app/$(BUNDLE_EXECUTABLE_FOLDER_PATH)/news";
			};
			name = Release;
		};
		F3D951842AB059C500247CB1 /* Debug */ = {
			isa = XCBuildConfiguration;
			buildSettings = {
				ALWAYS_EMBED_SWIFT_STANDARD_LIBRARIES = YES;
				CODE_SIGN_STYLE = Automatic;
				CURRENT_PROJECT_VERSION = 1;
				GENERATE_INFOPLIST_FILE = YES;
				MARKETING_VERSION = 1.0;
				PRODUCT_BUNDLE_IDENTIFIER = com.wecan.newsUITests;
				PRODUCT_NAME = "$(TARGET_NAME)";
				SWIFT_EMIT_LOC_STRINGS = NO;
				SWIFT_VERSION = 5.0;
				TARGETED_DEVICE_FAMILY = "1,2";
				TEST_TARGET_NAME = news;
			};
			name = Debug;
		};
		F3D951852AB059C500247CB1 /* Release */ = {
			isa = XCBuildConfiguration;
			buildSettings = {
				ALWAYS_EMBED_SWIFT_STANDARD_LIBRARIES = YES;
				CODE_SIGN_STYLE = Automatic;
				CURRENT_PROJECT_VERSION = 1;
				GENERATE_INFOPLIST_FILE = YES;
				MARKETING_VERSION = 1.0;
				PRODUCT_BUNDLE_IDENTIFIER = com.wecan.newsUITests;
				PRODUCT_NAME = "$(TARGET_NAME)";
				SWIFT_EMIT_LOC_STRINGS = NO;
				SWIFT_VERSION = 5.0;
				TARGETED_DEVICE_FAMILY = "1,2";
				TEST_TARGET_NAME = news;
			};
			name = Release;
		};
/* End XCBuildConfiguration section */

/* Begin XCConfigurationList section */
		F3D951542AB059C400247CB1 /* Build configuration list for PBXProject "news" */ = {
			isa = XCConfigurationList;
			buildConfigurations = (
				F3D9517B2AB059C500247CB1 /* Debug */,
				F3D9517C2AB059C500247CB1 /* Release */,
			);
			defaultConfigurationIsVisible = 0;
			defaultConfigurationName = Release;
		};
		F3D9517D2AB059C500247CB1 /* Build configuration list for PBXNativeTarget "news" */ = {
			isa = XCConfigurationList;
			buildConfigurations = (
				F3D9517E2AB059C500247CB1 /* Debug */,
				F3D9517F2AB059C500247CB1 /* Release */,
			);
			defaultConfigurationIsVisible = 0;
			defaultConfigurationName = Release;
		};
		F3D951802AB059C500247CB1 /* Build configuration list for PBXNativeTarget "newsTests" */ = {
			isa = XCConfigurationList;
			buildConfigurations = (
				F3D951812AB059C500247CB1 /* Debug */,
				F3D951822AB059C500247CB1 /* Release */,
			);
			defaultConfigurationIsVisible = 0;
			defaultConfigurationName = Release;
		};
		F3D951832AB059C500247CB1 /* Build configuration list for PBXNativeTarget "newsUITests" */ = {
			isa = XCConfigurationList;
			buildConfigurations = (
				F3D951842AB059C500247CB1 /* Debug */,
				F3D951852AB059C500247CB1 /* Release */,
			);
			defaultConfigurationIsVisible = 0;
			defaultConfigurationName = Release;
		};
/* End XCConfigurationList section */

/* Begin XCRemoteSwiftPackageReference section */
		F32539072AC1AD26000FF78F /* XCRemoteSwiftPackageReference "algoliasearch-client-swift" */ = {
			isa = XCRemoteSwiftPackageReference;
			repositoryURL = "https://github.com/algolia/algoliasearch-client-swift";
			requirement = {
				kind = upToNextMajorVersion;
				minimumVersion = 8.18.2;
			};
		};
		F32539102AC1D369000FF78F /* XCRemoteSwiftPackageReference "instantsearch-ios" */ = {
			isa = XCRemoteSwiftPackageReference;
			repositoryURL = "https://github.com/algolia/instantsearch-ios";
			requirement = {
				kind = upToNextMajorVersion;
				minimumVersion = 7.26.1;
			};
		};
		F32B9BC72ABC8B2700375D92 /* XCRemoteSwiftPackageReference "firebase-ios-sdk" */ = {
			isa = XCRemoteSwiftPackageReference;
			repositoryURL = "https://github.com/firebase/firebase-ios-sdk";
			requirement = {
				kind = upToNextMajorVersion;
				minimumVersion = 10.0.0;
			};
		};
		F32B9BCA2ABC8C0900375D92 /* XCRemoteSwiftPackageReference "GoogleSignIn-iOS" */ = {
			isa = XCRemoteSwiftPackageReference;
			repositoryURL = "https://github.com/google/GoogleSignIn-iOS";
			requirement = {
				kind = upToNextMajorVersion;
				minimumVersion = 7.0.0;
			};
		};
/* End XCRemoteSwiftPackageReference section */

/* Begin XCSwiftPackageProductDependency section */
		F32539082AC1AD26000FF78F /* AlgoliaSearchClient */ = {
			isa = XCSwiftPackageProductDependency;
			package = F32539072AC1AD26000FF78F /* XCRemoteSwiftPackageReference "algoliasearch-client-swift" */;
			productName = AlgoliaSearchClient;
		};
		F32539112AC1D369000FF78F /* InstantSearch */ = {
			isa = XCSwiftPackageProductDependency;
			package = F32539102AC1D369000FF78F /* XCRemoteSwiftPackageReference "instantsearch-ios" */;
			productName = InstantSearch;
		};
		F32539132AC1D369000FF78F /* InstantSearchSwiftUI */ = {
			isa = XCSwiftPackageProductDependency;
			package = F32539102AC1D369000FF78F /* XCRemoteSwiftPackageReference "instantsearch-ios" */;
			productName = InstantSearchSwiftUI;
		};
		F32B9BC82ABC8B2700375D92 /* FirebaseAuth */ = {
			isa = XCSwiftPackageProductDependency;
			package = F32B9BC72ABC8B2700375D92 /* XCRemoteSwiftPackageReference "firebase-ios-sdk" */;
			productName = FirebaseAuth;
		};
		F32B9BCB2ABC8C0900375D92 /* GoogleSignIn */ = {
			isa = XCSwiftPackageProductDependency;
			package = F32B9BCA2ABC8C0900375D92 /* XCRemoteSwiftPackageReference "GoogleSignIn-iOS" */;
			productName = GoogleSignIn;
		};
		F32B9BCD2ABC8C0900375D92 /* GoogleSignInSwift */ = {
			isa = XCSwiftPackageProductDependency;
			package = F32B9BCA2ABC8C0900375D92 /* XCRemoteSwiftPackageReference "GoogleSignIn-iOS" */;
			productName = GoogleSignInSwift;
		};
/* End XCSwiftPackageProductDependency section */
	};
	rootObject = F3D951512AB059C400247CB1 /* Project object */;
}
